// !$*UTF8*$!
{
	archiveVersion = 1;
	classes = {
	};
	objectVersion = 51;
	objects = {

/* Begin PBXBuildFile section */
		35D6F10C7FD31F054E953DEB /* Pods_Errand.framework in Frameworks */ = {isa = PBXBuildFile; fileRef = BE91492BEFF455014401A8A6 /* Pods_Errand.framework */; };
		40EA5FF204EA3BECE8D92AF4 /* Pods_Errand_ErrandUITests.framework in Frameworks */ = {isa = PBXBuildFile; fileRef = A85AAEF02EB4115272C07D69 /* Pods_Errand_ErrandUITests.framework */; };
		CBC2C481F6F57033AC62AEB1 /* Pods_ErrandTests.framework in Frameworks */ = {isa = PBXBuildFile; fileRef = 608A5BF50BFFACEF7C1D807F /* Pods_ErrandTests.framework */; };
		FB24EC0F23D96B8500FA3F02 /* PostMissionViewController.swift in Sources */ = {isa = PBXBuildFile; fileRef = FB24EC0E23D96B8500FA3F02 /* PostMissionViewController.swift */; };
		FB24EC1223D96E6300FA3F02 /* MissionGroupCollectionViewCell.swift in Sources */ = {isa = PBXBuildFile; fileRef = FB24EC1123D96E6300FA3F02 /* MissionGroupCollectionViewCell.swift */; };
		FB24EC1423D9B19300FA3F02 /* CustomeColor.swift in Sources */ = {isa = PBXBuildFile; fileRef = FB24EC1323D9B19300FA3F02 /* CustomeColor.swift */; };
		FB24EC1723DAB00F00FA3F02 /* TaskDataItem.swift in Sources */ = {isa = PBXBuildFile; fileRef = FB24EC1623DAB00F00FA3F02 /* TaskDataItem.swift */; };
		FB24EC1923DAB72500FA3F02 /* TaskManager.swift in Sources */ = {isa = PBXBuildFile; fileRef = FB24EC1823DAB72500FA3F02 /* TaskManager.swift */; };
		FB387C1023CEEF0E00B6D8C4 /* AppDelegate.swift in Sources */ = {isa = PBXBuildFile; fileRef = FB387C0F23CEEF0E00B6D8C4 /* AppDelegate.swift */; };
		FB387C1423CEEF0E00B6D8C4 /* HomePageViewController.swift in Sources */ = {isa = PBXBuildFile; fileRef = FB387C1323CEEF0E00B6D8C4 /* HomePageViewController.swift */; };
		FB387C1723CEEF0E00B6D8C4 /* Main.storyboard in Resources */ = {isa = PBXBuildFile; fileRef = FB387C1523CEEF0E00B6D8C4 /* Main.storyboard */; };
		FB387C1A23CEEF0E00B6D8C4 /* Errand.xcdatamodeld in Sources */ = {isa = PBXBuildFile; fileRef = FB387C1823CEEF0E00B6D8C4 /* Errand.xcdatamodeld */; };
		FB387C1C23CEEF0F00B6D8C4 /* Assets.xcassets in Resources */ = {isa = PBXBuildFile; fileRef = FB387C1B23CEEF0F00B6D8C4 /* Assets.xcassets */; };
		FB387C1F23CEEF0F00B6D8C4 /* LaunchScreen.storyboard in Resources */ = {isa = PBXBuildFile; fileRef = FB387C1D23CEEF0F00B6D8C4 /* LaunchScreen.storyboard */; };
		FB387C2A23CEEF1000B6D8C4 /* ErrandTests.swift in Sources */ = {isa = PBXBuildFile; fileRef = FB387C2923CEEF1000B6D8C4 /* ErrandTests.swift */; };
		FB387C3523CEEF1000B6D8C4 /* ErrandUITests.swift in Sources */ = {isa = PBXBuildFile; fileRef = FB387C3423CEEF1000B6D8C4 /* ErrandUITests.swift */; };
		FB387C4D23CF098F00B6D8C4 /* JGProgressHUDWrapper.swift in Sources */ = {isa = PBXBuildFile; fileRef = FB387C4C23CF098F00B6D8C4 /* JGProgressHUDWrapper.swift */; };
		FB387C5023CF0E8E00B6D8C4 /* RegisterItem.swift in Sources */ = {isa = PBXBuildFile; fileRef = FB387C4F23CF0E8E00B6D8C4 /* RegisterItem.swift */; };
		FB387C5323CF323600B6D8C4 /* UserInfoViewController.swift in Sources */ = {isa = PBXBuildFile; fileRef = FB387C5223CF323600B6D8C4 /* UserInfoViewController.swift */; };
		FB387C5623CF521D00B6D8C4 /* UserManager.swift in Sources */ = {isa = PBXBuildFile; fileRef = FB387C5523CF521D00B6D8C4 /* UserManager.swift */; };
		FB387C5823CF551A00B6D8C4 /* Content.storyboard in Resources */ = {isa = PBXBuildFile; fileRef = FB387C5723CF551A00B6D8C4 /* Content.storyboard */; };
		FB4A50E123D6A8E60028BC82 /* PersonalViewController.swift in Sources */ = {isa = PBXBuildFile; fileRef = FB4A50E023D6A8E60028BC82 /* PersonalViewController.swift */; };
		FB4A50E323D6D19A0028BC82 /* UserDataItem.swift in Sources */ = {isa = PBXBuildFile; fileRef = FB4A50E223D6D19A0028BC82 /* UserDataItem.swift */; };
		FB4BF7B423E288D600C4C05A /* ListTableViewCell.swift in Sources */ = {isa = PBXBuildFile; fileRef = FB4BF7B323E288D600C4C05A /* ListTableViewCell.swift */; };
		FB50C55223F81FF5002325BC /* Friend.storyboard in Resources */ = {isa = PBXBuildFile; fileRef = FB50C55123F81FF5002325BC /* Friend.storyboard */; };
		FB50C55423F82034002325BC /* FriendViewController.swift in Sources */ = {isa = PBXBuildFile; fileRef = FB50C55323F82034002325BC /* FriendViewController.swift */; };
		FB53F30B23EA51A70041C49D /* NotificationManager.swift in Sources */ = {isa = PBXBuildFile; fileRef = FB53F30A23EA51A70041C49D /* NotificationManager.swift */; };
		FB53F30D23EA7D630041C49D /* PushNotificationSender.swift in Sources */ = {isa = PBXBuildFile; fileRef = FB53F30C23EA7D630041C49D /* PushNotificationSender.swift */; };
		FB53F30F23EA9A430041C49D /* CheckRequesterViewController.swift in Sources */ = {isa = PBXBuildFile; fileRef = FB53F30E23EA9A430041C49D /* CheckRequesterViewController.swift */; };
		FB53F31123EAAE3C0041C49D /* Requester.storyboard in Resources */ = {isa = PBXBuildFile; fileRef = FB53F31023EAAE3C0041C49D /* Requester.storyboard */; };
		FB53F31423EAAEA40041C49D /* RequesterViewController.swift in Sources */ = {isa = PBXBuildFile; fileRef = FB53F31323EAAEA40041C49D /* RequesterViewController.swift */; };
		FB53F31723EAAFC20041C49D /* RequesterTableViewCell.swift in Sources */ = {isa = PBXBuildFile; fileRef = FB53F31523EAAFC20041C49D /* RequesterTableViewCell.swift */; };
		FB53F31823EAAFC20041C49D /* RequesterTableViewCell.xib in Resources */ = {isa = PBXBuildFile; fileRef = FB53F31623EAAFC20041C49D /* RequesterTableViewCell.xib */; };
		FB53F31C23EB21890041C49D /* PhotoTableViewCell.swift in Sources */ = {isa = PBXBuildFile; fileRef = FB53F31A23EB21890041C49D /* PhotoTableViewCell.swift */; };
		FB53F31D23EB21890041C49D /* PhotoTableViewCell.xib in Resources */ = {isa = PBXBuildFile; fileRef = FB53F31B23EB21890041C49D /* PhotoTableViewCell.xib */; };
		FB53F32223EBB42A0041C49D /* PersonDetailTableViewCell.swift in Sources */ = {isa = PBXBuildFile; fileRef = FB53F32023EBB42A0041C49D /* PersonDetailTableViewCell.swift */; };
		FB53F32323EBB42A0041C49D /* PersonDetailTableViewCell.xib in Resources */ = {isa = PBXBuildFile; fileRef = FB53F32123EBB42A0041C49D /* PersonDetailTableViewCell.xib */; };
		FB53F32C23EBCE220041C49D /* PersonAboutTableViewCell.swift in Sources */ = {isa = PBXBuildFile; fileRef = FB53F32A23EBCE220041C49D /* PersonAboutTableViewCell.swift */; };
		FB53F32D23EBCE220041C49D /* PersonAboutTableViewCell.xib in Resources */ = {isa = PBXBuildFile; fileRef = FB53F32B23EBCE220041C49D /* PersonAboutTableViewCell.xib */; };
		FB53F33023EBD5230041C49D /* PersonRateTableViewCell.swift in Sources */ = {isa = PBXBuildFile; fileRef = FB53F32E23EBD5230041C49D /* PersonRateTableViewCell.swift */; };
		FB53F33323EBFE290041C49D /* WhiteSpace.swift in Sources */ = {isa = PBXBuildFile; fileRef = FB53F33223EBFE290041C49D /* WhiteSpace.swift */; };
		FB5F5BCE23DB2639003B9ABC /* AddLocationViewController.swift in Sources */ = {isa = PBXBuildFile; fileRef = FB5F5BCD23DB2639003B9ABC /* AddLocationViewController.swift */; };
		FB5F5BD023DB2847003B9ABC /* setofont.ttf in Resources */ = {isa = PBXBuildFile; fileRef = FB5F5BCF23DB2847003B9ABC /* setofont.ttf */; };
		FB6365FE23E2B975008555BC /* MissionDetailViewController.swift in Sources */ = {isa = PBXBuildFile; fileRef = FB6365FD23E2B975008555BC /* MissionDetailViewController.swift */; };
		FB63660123E2CF6E008555BC /* MissionDetailCollectionViewCell.swift in Sources */ = {isa = PBXBuildFile; fileRef = FB63660023E2CF6E008555BC /* MissionDetailCollectionViewCell.swift */; };
		FB63660323E31E67008555BC /* KingFisherWrapper.swift in Sources */ = {isa = PBXBuildFile; fileRef = FB63660223E31E67008555BC /* KingFisherWrapper.swift */; };
		FB63664823E3CF15008555BC /* TabBarViewController.swift in Sources */ = {isa = PBXBuildFile; fileRef = FB63664723E3CF15008555BC /* TabBarViewController.swift */; };
		FB63664B23E3ED77008555BC /* NetworkExtension.framework in Frameworks */ = {isa = PBXBuildFile; fileRef = FB63664A23E3ED77008555BC /* NetworkExtension.framework */; };
		FB63664F23E3FC1B008555BC /* MissionDetailTableViewCell.swift in Sources */ = {isa = PBXBuildFile; fileRef = FB63664E23E3FC1B008555BC /* MissionDetailTableViewCell.swift */; };
		FB638D7923E53FE900030CB2 /* MissionContentTableViewCell.swift in Sources */ = {isa = PBXBuildFile; fileRef = FB638D7823E53FE900030CB2 /* MissionContentTableViewCell.swift */; };
		FB638D7B23E5557B00030CB2 /* MissionPersonTableViewCell.swift in Sources */ = {isa = PBXBuildFile; fileRef = FB638D7A23E5557B00030CB2 /* MissionPersonTableViewCell.swift */; };
		FB638D7F23E56FC000030CB2 /* CategoryCollectionViewCell.swift in Sources */ = {isa = PBXBuildFile; fileRef = FB638D7D23E56FC000030CB2 /* CategoryCollectionViewCell.swift */; };
		FB638D8023E56FC000030CB2 /* CategoryCollectionViewCell.xib in Resources */ = {isa = PBXBuildFile; fileRef = FB638D7E23E56FC000030CB2 /* CategoryCollectionViewCell.xib */; };
		FB638DC823E71AED00030CB2 /* UIStoryboard+Extension.swift in Sources */ = {isa = PBXBuildFile; fileRef = FB638DC723E71AED00030CB2 /* UIStoryboard+Extension.swift */; };
		FB638DCA23E71D0C00030CB2 /* Map.storyboard in Resources */ = {isa = PBXBuildFile; fileRef = FB638DC923E71D0C00030CB2 /* Map.storyboard */; };
		FB638DCC23E71D2800030CB2 /* Mission.storyboard in Resources */ = {isa = PBXBuildFile; fileRef = FB638DCB23E71D2800030CB2 /* Mission.storyboard */; };
		FB638DCE23E71D3500030CB2 /* Profile.storyboard in Resources */ = {isa = PBXBuildFile; fileRef = FB638DCD23E71D3500030CB2 /* Profile.storyboard */; };
		FB638DD023E7ECA400030CB2 /* DoubleExtension.swift in Sources */ = {isa = PBXBuildFile; fileRef = FB638DCF23E7ECA400030CB2 /* DoubleExtension.swift */; };
		FB638DD223E8913800030CB2 /* PhotoCollectionViewCell.swift in Sources */ = {isa = PBXBuildFile; fileRef = FB638DD123E8913800030CB2 /* PhotoCollectionViewCell.swift */; };
		FB65027C23F3D3F000896D34 /* DataBaseManagerManager.swift in Sources */ = {isa = PBXBuildFile; fileRef = FB65027B23F3D3F000896D34 /* DataBaseManagerManager.swift */; };
		FB69552423EFA1AB0049DB14 /* GoogleService-Info.plist in Resources */ = {isa = PBXBuildFile; fileRef = FB69552323EFA1AB0049DB14 /* GoogleService-Info.plist */; };
		FB69552923F000B50049DB14 /* UICollectionView+Additions.swift in Sources */ = {isa = PBXBuildFile; fileRef = FB69552823F000B50049DB14 /* UICollectionView+Additions.swift */; };
		FB69552C23F000BE0049DB14 /* UIView+Additions.swift in Sources */ = {isa = PBXBuildFile; fileRef = FB69552A23F000BD0049DB14 /* UIView+Additions.swift */; };
		FB69552D23F000BE0049DB14 /* UIImage+Additions.swift in Sources */ = {isa = PBXBuildFile; fileRef = FB69552B23F000BE0049DB14 /* UIImage+Additions.swift */; };
		FB69553123F001350049DB14 /* Channel.swift in Sources */ = {isa = PBXBuildFile; fileRef = FB69552E23F001350049DB14 /* Channel.swift */; };
		FB69553223F001350049DB14 /* DatabaseRepresentation.swift in Sources */ = {isa = PBXBuildFile; fileRef = FB69552F23F001350049DB14 /* DatabaseRepresentation.swift */; };
		FB69553323F001350049DB14 /* Message.swift in Sources */ = {isa = PBXBuildFile; fileRef = FB69553023F001350049DB14 /* Message.swift */; };
		FB69553523F0055B0049DB14 /* AppSettings.swift in Sources */ = {isa = PBXBuildFile; fileRef = FB69553423F0055B0049DB14 /* AppSettings.swift */; };
		FB69553823F1461D0049DB14 /* StartMissionTableViewCell.swift in Sources */ = {isa = PBXBuildFile; fileRef = FB69553623F1461D0049DB14 /* StartMissionTableViewCell.swift */; };
		FB69553923F1461D0049DB14 /* StartMissionTableViewCell.xib in Resources */ = {isa = PBXBuildFile; fileRef = FB69553723F1461D0049DB14 /* StartMissionTableViewCell.xib */; };
		FB752ABB23D5DFB200BF3852 /* PermanentMarker.ttf in Resources */ = {isa = PBXBuildFile; fileRef = FB752ABA23D5DFB200BF3852 /* PermanentMarker.ttf */; };
		FB752ABE23D5E57A00BF3852 /* Background.swift in Sources */ = {isa = PBXBuildFile; fileRef = FB752ABD23D5E57900BF3852 /* Background.swift */; };
		FB9A2BFE23D068FF00553D97 /* MissionListViewController.swift in Sources */ = {isa = PBXBuildFile; fileRef = FB9A2BFD23D068FF00553D97 /* MissionListViewController.swift */; };
		FB9A2C0023D0729400553D97 /* MapKit.framework in Frameworks */ = {isa = PBXBuildFile; fileRef = FB9A2BFF23D0729400553D97 /* MapKit.framework */; };
		FBA557F723ED17A400521B89 /* RequesterRateTableViewCell.swift in Sources */ = {isa = PBXBuildFile; fileRef = FBA557F623ED17A400521B89 /* RequesterRateTableViewCell.swift */; };
		FBA557F923ED580100521B89 /* UIcolorExtension.swift in Sources */ = {isa = PBXBuildFile; fileRef = FBA557F823ED580100521B89 /* UIcolorExtension.swift */; };
		FBA557FB23ED6D0C00521B89 /* StartMissionViewController.swift in Sources */ = {isa = PBXBuildFile; fileRef = FBA557FA23ED6D0C00521B89 /* StartMissionViewController.swift */; };
		FBA557FE23EE54B500521B89 /* Chat.storyboard in Resources */ = {isa = PBXBuildFile; fileRef = FBA557FD23EE54B500521B89 /* Chat.storyboard */; };
		FBA5580123EE554F00521B89 /* ChatViewController.swift in Sources */ = {isa = PBXBuildFile; fileRef = FBA5580023EE554F00521B89 /* ChatViewController.swift */; };
		FBEC726123FA376400A6AF86 /* FriendsTableViewCell.swift in Sources */ = {isa = PBXBuildFile; fileRef = FBEC725F23FA376400A6AF86 /* FriendsTableViewCell.swift */; };
		FBEC726223FA376400A6AF86 /* FriendsTableViewCell.xib in Resources */ = {isa = PBXBuildFile; fileRef = FBEC726023FA376400A6AF86 /* FriendsTableViewCell.xib */; };
		FBEC726423FA664800A6AF86 /* FriendChatViewController.swift in Sources */ = {isa = PBXBuildFile; fileRef = FBEC726323FA664800A6AF86 /* FriendChatViewController.swift */; };
		FBF7AB5823D56F5D004B521A /* GoogleMapViewController.swift in Sources */ = {isa = PBXBuildFile; fileRef = FBF7AB5723D56F5D004B521A /* GoogleMapViewController.swift */; };
		FBF7AB5B23D58AE2004B521A /* MapDataItem.swift in Sources */ = {isa = PBXBuildFile; fileRef = FBF7AB5A23D58AE2004B521A /* MapDataItem.swift */; };
		FBF7AB5D23D590E7004B521A /* MapManager.swift in Sources */ = {isa = PBXBuildFile; fileRef = FBF7AB5C23D590E7004B521A /* MapManager.swift */; };
/* End PBXBuildFile section */

/* Begin PBXContainerItemProxy section */
		FB387C2623CEEF1000B6D8C4 /* PBXContainerItemProxy */ = {
			isa = PBXContainerItemProxy;
			containerPortal = FB387C0423CEEF0E00B6D8C4 /* Project object */;
			proxyType = 1;
			remoteGlobalIDString = FB387C0B23CEEF0E00B6D8C4;
			remoteInfo = Errand;
		};
		FB387C3123CEEF1000B6D8C4 /* PBXContainerItemProxy */ = {
			isa = PBXContainerItemProxy;
			containerPortal = FB387C0423CEEF0E00B6D8C4 /* Project object */;
			proxyType = 1;
			remoteGlobalIDString = FB387C0B23CEEF0E00B6D8C4;
			remoteInfo = Errand;
		};
/* End PBXContainerItemProxy section */

/* Begin PBXFileReference section */
		30BE8232E4BC5C97D85B3CD8 /* Pods-ErrandTests.release.xcconfig */ = {isa = PBXFileReference; includeInIndex = 1; lastKnownFileType = text.xcconfig; name = "Pods-ErrandTests.release.xcconfig"; path = "Target Support Files/Pods-ErrandTests/Pods-ErrandTests.release.xcconfig"; sourceTree = "<group>"; };
		3FC969191AA2FA7BAE88A3F9 /* Pods-Errand-ErrandUITests.release.xcconfig */ = {isa = PBXFileReference; includeInIndex = 1; lastKnownFileType = text.xcconfig; name = "Pods-Errand-ErrandUITests.release.xcconfig"; path = "Target Support Files/Pods-Errand-ErrandUITests/Pods-Errand-ErrandUITests.release.xcconfig"; sourceTree = "<group>"; };
		608A5BF50BFFACEF7C1D807F /* Pods_ErrandTests.framework */ = {isa = PBXFileReference; explicitFileType = wrapper.framework; includeInIndex = 0; path = Pods_ErrandTests.framework; sourceTree = BUILT_PRODUCTS_DIR; };
		7EB46717043DD3A5C631E2AA /* Pods-ErrandTests.debug.xcconfig */ = {isa = PBXFileReference; includeInIndex = 1; lastKnownFileType = text.xcconfig; name = "Pods-ErrandTests.debug.xcconfig"; path = "Target Support Files/Pods-ErrandTests/Pods-ErrandTests.debug.xcconfig"; sourceTree = "<group>"; };
		9EBB17268953F51CE7F8DE54 /* Pods-Errand.release.xcconfig */ = {isa = PBXFileReference; includeInIndex = 1; lastKnownFileType = text.xcconfig; name = "Pods-Errand.release.xcconfig"; path = "Target Support Files/Pods-Errand/Pods-Errand.release.xcconfig"; sourceTree = "<group>"; };
		A85AAEF02EB4115272C07D69 /* Pods_Errand_ErrandUITests.framework */ = {isa = PBXFileReference; explicitFileType = wrapper.framework; includeInIndex = 0; path = Pods_Errand_ErrandUITests.framework; sourceTree = BUILT_PRODUCTS_DIR; };
		BE91492BEFF455014401A8A6 /* Pods_Errand.framework */ = {isa = PBXFileReference; explicitFileType = wrapper.framework; includeInIndex = 0; path = Pods_Errand.framework; sourceTree = BUILT_PRODUCTS_DIR; };
		F10FE434B9C4A84CFF81C162 /* Pods-Errand.debug.xcconfig */ = {isa = PBXFileReference; includeInIndex = 1; lastKnownFileType = text.xcconfig; name = "Pods-Errand.debug.xcconfig"; path = "Target Support Files/Pods-Errand/Pods-Errand.debug.xcconfig"; sourceTree = "<group>"; };
		F997A91DF0A4410BFFBEDA80 /* Pods-Errand-ErrandUITests.debug.xcconfig */ = {isa = PBXFileReference; includeInIndex = 1; lastKnownFileType = text.xcconfig; name = "Pods-Errand-ErrandUITests.debug.xcconfig"; path = "Target Support Files/Pods-Errand-ErrandUITests/Pods-Errand-ErrandUITests.debug.xcconfig"; sourceTree = "<group>"; };
		FB24EC0E23D96B8500FA3F02 /* PostMissionViewController.swift */ = {isa = PBXFileReference; lastKnownFileType = sourcecode.swift; path = PostMissionViewController.swift; sourceTree = "<group>"; };
		FB24EC1123D96E6300FA3F02 /* MissionGroupCollectionViewCell.swift */ = {isa = PBXFileReference; lastKnownFileType = sourcecode.swift; path = MissionGroupCollectionViewCell.swift; sourceTree = "<group>"; };
		FB24EC1323D9B19300FA3F02 /* CustomeColor.swift */ = {isa = PBXFileReference; lastKnownFileType = sourcecode.swift; path = CustomeColor.swift; sourceTree = "<group>"; };
		FB24EC1623DAB00F00FA3F02 /* TaskDataItem.swift */ = {isa = PBXFileReference; lastKnownFileType = sourcecode.swift; path = TaskDataItem.swift; sourceTree = "<group>"; };
		FB24EC1823DAB72500FA3F02 /* TaskManager.swift */ = {isa = PBXFileReference; lastKnownFileType = sourcecode.swift; path = TaskManager.swift; sourceTree = "<group>"; };
		FB387C0C23CEEF0E00B6D8C4 /* Errand.app */ = {isa = PBXFileReference; explicitFileType = wrapper.application; includeInIndex = 0; path = Errand.app; sourceTree = BUILT_PRODUCTS_DIR; };
		FB387C0F23CEEF0E00B6D8C4 /* AppDelegate.swift */ = {isa = PBXFileReference; lastKnownFileType = sourcecode.swift; path = AppDelegate.swift; sourceTree = "<group>"; };
		FB387C1323CEEF0E00B6D8C4 /* HomePageViewController.swift */ = {isa = PBXFileReference; lastKnownFileType = sourcecode.swift; path = HomePageViewController.swift; sourceTree = "<group>"; };
		FB387C1623CEEF0E00B6D8C4 /* Base */ = {isa = PBXFileReference; lastKnownFileType = file.storyboard; name = Base; path = Base.lproj/Main.storyboard; sourceTree = "<group>"; };
		FB387C1923CEEF0E00B6D8C4 /* Errand.xcdatamodel */ = {isa = PBXFileReference; lastKnownFileType = wrapper.xcdatamodel; path = Errand.xcdatamodel; sourceTree = "<group>"; };
		FB387C1B23CEEF0F00B6D8C4 /* Assets.xcassets */ = {isa = PBXFileReference; lastKnownFileType = folder.assetcatalog; path = Assets.xcassets; sourceTree = "<group>"; };
		FB387C1E23CEEF0F00B6D8C4 /* Base */ = {isa = PBXFileReference; lastKnownFileType = file.storyboard; name = Base; path = Base.lproj/LaunchScreen.storyboard; sourceTree = "<group>"; };
		FB387C2023CEEF0F00B6D8C4 /* Info.plist */ = {isa = PBXFileReference; lastKnownFileType = text.plist.xml; path = Info.plist; sourceTree = "<group>"; };
		FB387C2523CEEF1000B6D8C4 /* ErrandTests.xctest */ = {isa = PBXFileReference; explicitFileType = wrapper.cfbundle; includeInIndex = 0; path = ErrandTests.xctest; sourceTree = BUILT_PRODUCTS_DIR; };
		FB387C2923CEEF1000B6D8C4 /* ErrandTests.swift */ = {isa = PBXFileReference; lastKnownFileType = sourcecode.swift; path = ErrandTests.swift; sourceTree = "<group>"; };
		FB387C2B23CEEF1000B6D8C4 /* Info.plist */ = {isa = PBXFileReference; lastKnownFileType = text.plist.xml; path = Info.plist; sourceTree = "<group>"; };
		FB387C3023CEEF1000B6D8C4 /* ErrandUITests.xctest */ = {isa = PBXFileReference; explicitFileType = wrapper.cfbundle; includeInIndex = 0; path = ErrandUITests.xctest; sourceTree = BUILT_PRODUCTS_DIR; };
		FB387C3423CEEF1000B6D8C4 /* ErrandUITests.swift */ = {isa = PBXFileReference; lastKnownFileType = sourcecode.swift; path = ErrandUITests.swift; sourceTree = "<group>"; };
		FB387C3623CEEF1000B6D8C4 /* Info.plist */ = {isa = PBXFileReference; lastKnownFileType = text.plist.xml; path = Info.plist; sourceTree = "<group>"; };
		FB387C4C23CF098F00B6D8C4 /* JGProgressHUDWrapper.swift */ = {isa = PBXFileReference; lastKnownFileType = sourcecode.swift; path = JGProgressHUDWrapper.swift; sourceTree = "<group>"; };
		FB387C4F23CF0E8E00B6D8C4 /* RegisterItem.swift */ = {isa = PBXFileReference; lastKnownFileType = sourcecode.swift; path = RegisterItem.swift; sourceTree = "<group>"; };
		FB387C5223CF323600B6D8C4 /* UserInfoViewController.swift */ = {isa = PBXFileReference; lastKnownFileType = sourcecode.swift; path = UserInfoViewController.swift; sourceTree = "<group>"; };
		FB387C5523CF521D00B6D8C4 /* UserManager.swift */ = {isa = PBXFileReference; lastKnownFileType = sourcecode.swift; path = UserManager.swift; sourceTree = "<group>"; };
		FB387C5723CF551A00B6D8C4 /* Content.storyboard */ = {isa = PBXFileReference; lastKnownFileType = file.storyboard; path = Content.storyboard; sourceTree = "<group>"; };
		FB4A50E023D6A8E60028BC82 /* PersonalViewController.swift */ = {isa = PBXFileReference; lastKnownFileType = sourcecode.swift; path = PersonalViewController.swift; sourceTree = "<group>"; };
		FB4A50E223D6D19A0028BC82 /* UserDataItem.swift */ = {isa = PBXFileReference; lastKnownFileType = sourcecode.swift; path = UserDataItem.swift; sourceTree = "<group>"; };
		FB4BF7B323E288D600C4C05A /* ListTableViewCell.swift */ = {isa = PBXFileReference; lastKnownFileType = sourcecode.swift; path = ListTableViewCell.swift; sourceTree = "<group>"; };
		FB50C55123F81FF5002325BC /* Friend.storyboard */ = {isa = PBXFileReference; lastKnownFileType = file.storyboard; path = Friend.storyboard; sourceTree = "<group>"; };
		FB50C55323F82034002325BC /* FriendViewController.swift */ = {isa = PBXFileReference; lastKnownFileType = sourcecode.swift; path = FriendViewController.swift; sourceTree = "<group>"; };
		FB53F30A23EA51A70041C49D /* NotificationManager.swift */ = {isa = PBXFileReference; lastKnownFileType = sourcecode.swift; path = NotificationManager.swift; sourceTree = "<group>"; };
		FB53F30C23EA7D630041C49D /* PushNotificationSender.swift */ = {isa = PBXFileReference; lastKnownFileType = sourcecode.swift; path = PushNotificationSender.swift; sourceTree = "<group>"; };
		FB53F30E23EA9A430041C49D /* CheckRequesterViewController.swift */ = {isa = PBXFileReference; lastKnownFileType = sourcecode.swift; path = CheckRequesterViewController.swift; sourceTree = "<group>"; };
		FB53F31023EAAE3C0041C49D /* Requester.storyboard */ = {isa = PBXFileReference; lastKnownFileType = file.storyboard; path = Requester.storyboard; sourceTree = "<group>"; };
		FB53F31323EAAEA40041C49D /* RequesterViewController.swift */ = {isa = PBXFileReference; lastKnownFileType = sourcecode.swift; path = RequesterViewController.swift; sourceTree = "<group>"; };
		FB53F31523EAAFC20041C49D /* RequesterTableViewCell.swift */ = {isa = PBXFileReference; lastKnownFileType = sourcecode.swift; path = RequesterTableViewCell.swift; sourceTree = "<group>"; };
		FB53F31623EAAFC20041C49D /* RequesterTableViewCell.xib */ = {isa = PBXFileReference; lastKnownFileType = file.xib; path = RequesterTableViewCell.xib; sourceTree = "<group>"; };
		FB53F31A23EB21890041C49D /* PhotoTableViewCell.swift */ = {isa = PBXFileReference; lastKnownFileType = sourcecode.swift; path = PhotoTableViewCell.swift; sourceTree = "<group>"; };
		FB53F31B23EB21890041C49D /* PhotoTableViewCell.xib */ = {isa = PBXFileReference; lastKnownFileType = file.xib; path = PhotoTableViewCell.xib; sourceTree = "<group>"; };
		FB53F32023EBB42A0041C49D /* PersonDetailTableViewCell.swift */ = {isa = PBXFileReference; lastKnownFileType = sourcecode.swift; path = PersonDetailTableViewCell.swift; sourceTree = "<group>"; };
		FB53F32123EBB42A0041C49D /* PersonDetailTableViewCell.xib */ = {isa = PBXFileReference; lastKnownFileType = file.xib; path = PersonDetailTableViewCell.xib; sourceTree = "<group>"; };
		FB53F32A23EBCE220041C49D /* PersonAboutTableViewCell.swift */ = {isa = PBXFileReference; lastKnownFileType = sourcecode.swift; path = PersonAboutTableViewCell.swift; sourceTree = "<group>"; };
		FB53F32B23EBCE220041C49D /* PersonAboutTableViewCell.xib */ = {isa = PBXFileReference; lastKnownFileType = file.xib; path = PersonAboutTableViewCell.xib; sourceTree = "<group>"; };
		FB53F32E23EBD5230041C49D /* PersonRateTableViewCell.swift */ = {isa = PBXFileReference; lastKnownFileType = sourcecode.swift; path = PersonRateTableViewCell.swift; sourceTree = "<group>"; };
		FB53F33223EBFE290041C49D /* WhiteSpace.swift */ = {isa = PBXFileReference; lastKnownFileType = sourcecode.swift; path = WhiteSpace.swift; sourceTree = "<group>"; };
		FB5F5BCD23DB2639003B9ABC /* AddLocationViewController.swift */ = {isa = PBXFileReference; lastKnownFileType = sourcecode.swift; path = AddLocationViewController.swift; sourceTree = "<group>"; };
		FB5F5BCF23DB2847003B9ABC /* setofont.ttf */ = {isa = PBXFileReference; lastKnownFileType = file; path = setofont.ttf; sourceTree = "<group>"; };
		FB6365FD23E2B975008555BC /* MissionDetailViewController.swift */ = {isa = PBXFileReference; lastKnownFileType = sourcecode.swift; path = MissionDetailViewController.swift; sourceTree = "<group>"; };
		FB63660023E2CF6E008555BC /* MissionDetailCollectionViewCell.swift */ = {isa = PBXFileReference; lastKnownFileType = sourcecode.swift; path = MissionDetailCollectionViewCell.swift; sourceTree = "<group>"; };
		FB63660223E31E67008555BC /* KingFisherWrapper.swift */ = {isa = PBXFileReference; lastKnownFileType = sourcecode.swift; path = KingFisherWrapper.swift; sourceTree = "<group>"; };
		FB63664723E3CF15008555BC /* TabBarViewController.swift */ = {isa = PBXFileReference; lastKnownFileType = sourcecode.swift; path = TabBarViewController.swift; sourceTree = "<group>"; };
		FB63664A23E3ED77008555BC /* NetworkExtension.framework */ = {isa = PBXFileReference; lastKnownFileType = wrapper.framework; name = NetworkExtension.framework; path = System/Library/Frameworks/NetworkExtension.framework; sourceTree = SDKROOT; };
		FB63664E23E3FC1B008555BC /* MissionDetailTableViewCell.swift */ = {isa = PBXFileReference; lastKnownFileType = sourcecode.swift; path = MissionDetailTableViewCell.swift; sourceTree = "<group>"; };
		FB638D7823E53FE900030CB2 /* MissionContentTableViewCell.swift */ = {isa = PBXFileReference; lastKnownFileType = sourcecode.swift; path = MissionContentTableViewCell.swift; sourceTree = "<group>"; };
		FB638D7A23E5557B00030CB2 /* MissionPersonTableViewCell.swift */ = {isa = PBXFileReference; lastKnownFileType = sourcecode.swift; path = MissionPersonTableViewCell.swift; sourceTree = "<group>"; };
		FB638D7D23E56FC000030CB2 /* CategoryCollectionViewCell.swift */ = {isa = PBXFileReference; lastKnownFileType = sourcecode.swift; path = CategoryCollectionViewCell.swift; sourceTree = "<group>"; };
		FB638D7E23E56FC000030CB2 /* CategoryCollectionViewCell.xib */ = {isa = PBXFileReference; lastKnownFileType = file.xib; path = CategoryCollectionViewCell.xib; sourceTree = "<group>"; };
		FB638DC723E71AED00030CB2 /* UIStoryboard+Extension.swift */ = {isa = PBXFileReference; lastKnownFileType = sourcecode.swift; path = "UIStoryboard+Extension.swift"; sourceTree = "<group>"; };
		FB638DC923E71D0C00030CB2 /* Map.storyboard */ = {isa = PBXFileReference; lastKnownFileType = file.storyboard; path = Map.storyboard; sourceTree = "<group>"; };
		FB638DCB23E71D2800030CB2 /* Mission.storyboard */ = {isa = PBXFileReference; lastKnownFileType = file.storyboard; path = Mission.storyboard; sourceTree = "<group>"; };
		FB638DCD23E71D3500030CB2 /* Profile.storyboard */ = {isa = PBXFileReference; lastKnownFileType = file.storyboard; path = Profile.storyboard; sourceTree = "<group>"; };
		FB638DCF23E7ECA400030CB2 /* DoubleExtension.swift */ = {isa = PBXFileReference; lastKnownFileType = sourcecode.swift; path = DoubleExtension.swift; sourceTree = "<group>"; };
		FB638DD123E8913800030CB2 /* PhotoCollectionViewCell.swift */ = {isa = PBXFileReference; lastKnownFileType = sourcecode.swift; path = PhotoCollectionViewCell.swift; sourceTree = "<group>"; };
		FB65027B23F3D3F000896D34 /* DataBaseManagerManager.swift */ = {isa = PBXFileReference; lastKnownFileType = sourcecode.swift; path = DataBaseManagerManager.swift; sourceTree = "<group>"; };
		FB69552323EFA1AB0049DB14 /* GoogleService-Info.plist */ = {isa = PBXFileReference; fileEncoding = 4; lastKnownFileType = text.plist.xml; path = "GoogleService-Info.plist"; sourceTree = "<group>"; };
		FB69552823F000B50049DB14 /* UICollectionView+Additions.swift */ = {isa = PBXFileReference; fileEncoding = 4; lastKnownFileType = sourcecode.swift; path = "UICollectionView+Additions.swift"; sourceTree = "<group>"; };
		FB69552A23F000BD0049DB14 /* UIView+Additions.swift */ = {isa = PBXFileReference; fileEncoding = 4; lastKnownFileType = sourcecode.swift; path = "UIView+Additions.swift"; sourceTree = "<group>"; };
		FB69552B23F000BE0049DB14 /* UIImage+Additions.swift */ = {isa = PBXFileReference; fileEncoding = 4; lastKnownFileType = sourcecode.swift; path = "UIImage+Additions.swift"; sourceTree = "<group>"; };
		FB69552E23F001350049DB14 /* Channel.swift */ = {isa = PBXFileReference; fileEncoding = 4; lastKnownFileType = sourcecode.swift; path = Channel.swift; sourceTree = "<group>"; };
		FB69552F23F001350049DB14 /* DatabaseRepresentation.swift */ = {isa = PBXFileReference; fileEncoding = 4; lastKnownFileType = sourcecode.swift; path = DatabaseRepresentation.swift; sourceTree = "<group>"; };
		FB69553023F001350049DB14 /* Message.swift */ = {isa = PBXFileReference; fileEncoding = 4; lastKnownFileType = sourcecode.swift; path = Message.swift; sourceTree = "<group>"; };
		FB69553423F0055B0049DB14 /* AppSettings.swift */ = {isa = PBXFileReference; fileEncoding = 4; lastKnownFileType = sourcecode.swift; path = AppSettings.swift; sourceTree = "<group>"; };
		FB69553623F1461D0049DB14 /* StartMissionTableViewCell.swift */ = {isa = PBXFileReference; lastKnownFileType = sourcecode.swift; path = StartMissionTableViewCell.swift; sourceTree = "<group>"; };
		FB69553723F1461D0049DB14 /* StartMissionTableViewCell.xib */ = {isa = PBXFileReference; lastKnownFileType = file.xib; path = StartMissionTableViewCell.xib; sourceTree = "<group>"; };
		FB752ABA23D5DFB200BF3852 /* PermanentMarker.ttf */ = {isa = PBXFileReference; lastKnownFileType = file; path = PermanentMarker.ttf; sourceTree = "<group>"; };
		FB752ABD23D5E57900BF3852 /* Background.swift */ = {isa = PBXFileReference; lastKnownFileType = sourcecode.swift; path = Background.swift; sourceTree = "<group>"; };
		FB9A2BFD23D068FF00553D97 /* MissionListViewController.swift */ = {isa = PBXFileReference; lastKnownFileType = sourcecode.swift; path = MissionListViewController.swift; sourceTree = "<group>"; };
		FB9A2BFF23D0729400553D97 /* MapKit.framework */ = {isa = PBXFileReference; lastKnownFileType = wrapper.framework; name = MapKit.framework; path = System/Library/Frameworks/MapKit.framework; sourceTree = SDKROOT; };
		FBA557F623ED17A400521B89 /* RequesterRateTableViewCell.swift */ = {isa = PBXFileReference; lastKnownFileType = sourcecode.swift; path = RequesterRateTableViewCell.swift; sourceTree = "<group>"; };
		FBA557F823ED580100521B89 /* UIcolorExtension.swift */ = {isa = PBXFileReference; lastKnownFileType = sourcecode.swift; path = UIcolorExtension.swift; sourceTree = "<group>"; };
		FBA557FA23ED6D0C00521B89 /* StartMissionViewController.swift */ = {isa = PBXFileReference; lastKnownFileType = sourcecode.swift; path = StartMissionViewController.swift; sourceTree = "<group>"; };
		FBA557FD23EE54B500521B89 /* Chat.storyboard */ = {isa = PBXFileReference; lastKnownFileType = file.storyboard; path = Chat.storyboard; sourceTree = "<group>"; };
		FBA5580023EE554F00521B89 /* ChatViewController.swift */ = {isa = PBXFileReference; lastKnownFileType = sourcecode.swift; path = ChatViewController.swift; sourceTree = "<group>"; };
		FBEC725F23FA376400A6AF86 /* FriendsTableViewCell.swift */ = {isa = PBXFileReference; lastKnownFileType = sourcecode.swift; path = FriendsTableViewCell.swift; sourceTree = "<group>"; };
		FBEC726023FA376400A6AF86 /* FriendsTableViewCell.xib */ = {isa = PBXFileReference; lastKnownFileType = file.xib; path = FriendsTableViewCell.xib; sourceTree = "<group>"; };
		FBEC726323FA664800A6AF86 /* FriendChatViewController.swift */ = {isa = PBXFileReference; lastKnownFileType = sourcecode.swift; path = FriendChatViewController.swift; sourceTree = "<group>"; };
		FBF7AB5723D56F5D004B521A /* GoogleMapViewController.swift */ = {isa = PBXFileReference; lastKnownFileType = sourcecode.swift; path = GoogleMapViewController.swift; sourceTree = "<group>"; };
		FBF7AB5A23D58AE2004B521A /* MapDataItem.swift */ = {isa = PBXFileReference; lastKnownFileType = sourcecode.swift; path = MapDataItem.swift; sourceTree = "<group>"; };
		FBF7AB5C23D590E7004B521A /* MapManager.swift */ = {isa = PBXFileReference; lastKnownFileType = sourcecode.swift; path = MapManager.swift; sourceTree = "<group>"; };
/* End PBXFileReference section */

/* Begin PBXFrameworksBuildPhase section */
		FB387C0923CEEF0E00B6D8C4 /* Frameworks */ = {
			isa = PBXFrameworksBuildPhase;
			buildActionMask = 2147483647;
			files = (
				FB9A2C0023D0729400553D97 /* MapKit.framework in Frameworks */,
				FB63664B23E3ED77008555BC /* NetworkExtension.framework in Frameworks */,
				35D6F10C7FD31F054E953DEB /* Pods_Errand.framework in Frameworks */,
			);
			runOnlyForDeploymentPostprocessing = 0;
		};
		FB387C2223CEEF1000B6D8C4 /* Frameworks */ = {
			isa = PBXFrameworksBuildPhase;
			buildActionMask = 2147483647;
			files = (
				CBC2C481F6F57033AC62AEB1 /* Pods_ErrandTests.framework in Frameworks */,
			);
			runOnlyForDeploymentPostprocessing = 0;
		};
		FB387C2D23CEEF1000B6D8C4 /* Frameworks */ = {
			isa = PBXFrameworksBuildPhase;
			buildActionMask = 2147483647;
			files = (
				40EA5FF204EA3BECE8D92AF4 /* Pods_Errand_ErrandUITests.framework in Frameworks */,
			);
			runOnlyForDeploymentPostprocessing = 0;
		};
/* End PBXFrameworksBuildPhase section */

/* Begin PBXGroup section */
		4BA59E1762DDFE6F5D189F03 /* Pods */ = {
			isa = PBXGroup;
			children = (
				F10FE434B9C4A84CFF81C162 /* Pods-Errand.debug.xcconfig */,
				9EBB17268953F51CE7F8DE54 /* Pods-Errand.release.xcconfig */,
				F997A91DF0A4410BFFBEDA80 /* Pods-Errand-ErrandUITests.debug.xcconfig */,
				3FC969191AA2FA7BAE88A3F9 /* Pods-Errand-ErrandUITests.release.xcconfig */,
				7EB46717043DD3A5C631E2AA /* Pods-ErrandTests.debug.xcconfig */,
				30BE8232E4BC5C97D85B3CD8 /* Pods-ErrandTests.release.xcconfig */,
			);
			path = Pods;
			sourceTree = "<group>";
		};
		D6CA3CD977931CCA5629628A /* Frameworks */ = {
			isa = PBXGroup;
			children = (
				FB63664A23E3ED77008555BC /* NetworkExtension.framework */,
				FB9A2BFF23D0729400553D97 /* MapKit.framework */,
				BE91492BEFF455014401A8A6 /* Pods_Errand.framework */,
				A85AAEF02EB4115272C07D69 /* Pods_Errand_ErrandUITests.framework */,
				608A5BF50BFFACEF7C1D807F /* Pods_ErrandTests.framework */,
			);
			name = Frameworks;
			sourceTree = "<group>";
		};
		FB24EC0D23D96A0400FA3F02 /* TabBar */ = {
			isa = PBXGroup;
			children = (
				FB63664723E3CF15008555BC /* TabBarViewController.swift */,
			);
			path = TabBar;
			sourceTree = "<group>";
		};
		FB24EC1023D96CED00FA3F02 /* PostMission */ = {
			isa = PBXGroup;
			children = (
				FB24EC1123D96E6300FA3F02 /* MissionGroupCollectionViewCell.swift */,
				FB638DD123E8913800030CB2 /* PhotoCollectionViewCell.swift */,
			);
			path = PostMission;
			sourceTree = "<group>";
		};
		FB24EC1523DAAFDB00FA3F02 /* Mission */ = {
			isa = PBXGroup;
			children = (
				FB24EC1623DAB00F00FA3F02 /* TaskDataItem.swift */,
				FB24EC1823DAB72500FA3F02 /* TaskManager.swift */,
			);
			path = Mission;
			sourceTree = "<group>";
		};
		FB387C0323CEEF0E00B6D8C4 = {
			isa = PBXGroup;
			children = (
				FB387C0E23CEEF0E00B6D8C4 /* Errand */,
				FB387C2823CEEF1000B6D8C4 /* ErrandTests */,
				FB387C3323CEEF1000B6D8C4 /* ErrandUITests */,
				FB387C0D23CEEF0E00B6D8C4 /* Products */,
				4BA59E1762DDFE6F5D189F03 /* Pods */,
				D6CA3CD977931CCA5629628A /* Frameworks */,
			);
			sourceTree = "<group>";
		};
		FB387C0D23CEEF0E00B6D8C4 /* Products */ = {
			isa = PBXGroup;
			children = (
				FB387C0C23CEEF0E00B6D8C4 /* Errand.app */,
				FB387C2523CEEF1000B6D8C4 /* ErrandTests.xctest */,
				FB387C3023CEEF1000B6D8C4 /* ErrandUITests.xctest */,
			);
			name = Products;
			sourceTree = "<group>";
		};
		FB387C0E23CEEF0E00B6D8C4 /* Errand */ = {
			isa = PBXGroup;
			children = (
				FB53F30923EA51830041C49D /* NotificationManager */,
				FB638DC623E71AC300030CB2 /* Extension */,
				FB387C4B23CF065100B6D8C4 /* Third Pary Wrapper */,
				FB387C4A23CF05FD00B6D8C4 /* Model */,
				FB387C4523CEF5BB00B6D8C4 /* View */,
				FB387C4423CEF5A900B6D8C4 /* Controller */,
				FB387C0F23CEEF0E00B6D8C4 /* AppDelegate.swift */,
				FB69553423F0055B0049DB14 /* AppSettings.swift */,
				FB24EC1323D9B19300FA3F02 /* CustomeColor.swift */,
				FB69552323EFA1AB0049DB14 /* GoogleService-Info.plist */,
				FB752ABA23D5DFB200BF3852 /* PermanentMarker.ttf */,
				FB5F5BCF23DB2847003B9ABC /* setofont.ttf */,
				FB387C1B23CEEF0F00B6D8C4 /* Assets.xcassets */,
				FB387C1D23CEEF0F00B6D8C4 /* LaunchScreen.storyboard */,
				FB387C2023CEEF0F00B6D8C4 /* Info.plist */,
				FB387C1823CEEF0E00B6D8C4 /* Errand.xcdatamodeld */,
			);
			path = Errand;
			sourceTree = "<group>";
		};
		FB387C2823CEEF1000B6D8C4 /* ErrandTests */ = {
			isa = PBXGroup;
			children = (
				FB387C2923CEEF1000B6D8C4 /* ErrandTests.swift */,
				FB387C2B23CEEF1000B6D8C4 /* Info.plist */,
			);
			path = ErrandTests;
			sourceTree = "<group>";
		};
		FB387C3323CEEF1000B6D8C4 /* ErrandUITests */ = {
			isa = PBXGroup;
			children = (
				FB387C3423CEEF1000B6D8C4 /* ErrandUITests.swift */,
				FB387C3623CEEF1000B6D8C4 /* Info.plist */,
			);
			path = ErrandUITests;
			sourceTree = "<group>";
		};
		FB387C4423CEF5A900B6D8C4 /* Controller */ = {
			isa = PBXGroup;
			children = (
				FBA557FF23EE553A00521B89 /* Friends+Chat */,
				FB53F31223EAAE8D0041C49D /* Requester */,
				FB24EC0D23D96A0400FA3F02 /* TabBar */,
				FB4A50DF23D6A8C90028BC82 /* Personalinfo */,
				FB9A2BFC23D068E200553D97 /* Mission */,
				FB387C5923CF552A00B6D8C4 /* Map */,
				FB387C4723CEFCA900B6D8C4 /* Register */,
				FB387C4623CEF5C600B6D8C4 /* HomePage */,
			);
			path = Controller;
			sourceTree = "<group>";
		};
		FB387C4523CEF5BB00B6D8C4 /* View */ = {
			isa = PBXGroup;
			children = (
				FBEC725E23FA374300A6AF86 /* Friend */,
				FBA557F523ED177E00521B89 /* Requester */,
				FB53F31923EB20610041C49D /* personInfo */,
				FB638D7C23E56F6900030CB2 /* Map */,
				FB4BF7B223E286FD00C4C05A /* MissionList */,
				FB24EC1023D96CED00FA3F02 /* PostMission */,
				FB752ABC23D5E55600BF3852 /* Background */,
				FB6365FF23E2CF45008555BC /* MissionDetail */,
				FB387C1523CEEF0E00B6D8C4 /* Main.storyboard */,
				FB387C5723CF551A00B6D8C4 /* Content.storyboard */,
				FB638DC923E71D0C00030CB2 /* Map.storyboard */,
				FB638DCB23E71D2800030CB2 /* Mission.storyboard */,
				FB638DCD23E71D3500030CB2 /* Profile.storyboard */,
				FB53F31023EAAE3C0041C49D /* Requester.storyboard */,
				FBA557FD23EE54B500521B89 /* Chat.storyboard */,
				FB50C55123F81FF5002325BC /* Friend.storyboard */,
			);
			path = View;
			sourceTree = "<group>";
		};
		FB387C4623CEF5C600B6D8C4 /* HomePage */ = {
			isa = PBXGroup;
			children = (
				FB387C1323CEEF0E00B6D8C4 /* HomePageViewController.swift */,
			);
			path = HomePage;
			sourceTree = "<group>";
		};
		FB387C4723CEFCA900B6D8C4 /* Register */ = {
			isa = PBXGroup;
			children = (
				FB387C5223CF323600B6D8C4 /* UserInfoViewController.swift */,
			);
			path = Register;
			sourceTree = "<group>";
		};
		FB387C4A23CF05FD00B6D8C4 /* Model */ = {
			isa = PBXGroup;
			children = (
				FB65027A23F3D3BC00896D34 /* FireBase */,
				FB69552523EFE5430049DB14 /* Chat */,
				FB24EC1523DAAFDB00FA3F02 /* Mission */,
				FBF7AB5923D58AB4004B521A /* Map */,
				FB387C5423CF520100B6D8C4 /* User */,
				FB387C4E23CF0E4B00B6D8C4 /* Register */,
			);
			path = Model;
			sourceTree = "<group>";
		};
		FB387C4B23CF065100B6D8C4 /* Third Pary Wrapper */ = {
			isa = PBXGroup;
			children = (
				FB387C4C23CF098F00B6D8C4 /* JGProgressHUDWrapper.swift */,
				FB63660223E31E67008555BC /* KingFisherWrapper.swift */,
			);
			path = "Third Pary Wrapper";
			sourceTree = "<group>";
		};
		FB387C4E23CF0E4B00B6D8C4 /* Register */ = {
			isa = PBXGroup;
			children = (
				FB387C4F23CF0E8E00B6D8C4 /* RegisterItem.swift */,
			);
			path = Register;
			sourceTree = "<group>";
		};
		FB387C5423CF520100B6D8C4 /* User */ = {
			isa = PBXGroup;
			children = (
				FB387C5523CF521D00B6D8C4 /* UserManager.swift */,
				FB4A50E223D6D19A0028BC82 /* UserDataItem.swift */,
			);
			path = User;
			sourceTree = "<group>";
		};
		FB387C5923CF552A00B6D8C4 /* Map */ = {
			isa = PBXGroup;
			children = (
				FBF7AB5723D56F5D004B521A /* GoogleMapViewController.swift */,
				FB5F5BCD23DB2639003B9ABC /* AddLocationViewController.swift */,
			);
			path = Map;
			sourceTree = "<group>";
		};
		FB4A50DF23D6A8C90028BC82 /* Personalinfo */ = {
			isa = PBXGroup;
			children = (
				FB4A50E023D6A8E60028BC82 /* PersonalViewController.swift */,
			);
			path = Personalinfo;
			sourceTree = "<group>";
		};
		FB4BF7B223E286FD00C4C05A /* MissionList */ = {
			isa = PBXGroup;
			children = (
				FB4BF7B323E288D600C4C05A /* ListTableViewCell.swift */,
				FB53F31523EAAFC20041C49D /* RequesterTableViewCell.swift */,
				FB53F31623EAAFC20041C49D /* RequesterTableViewCell.xib */,
			);
			path = MissionList;
			sourceTree = "<group>";
		};
		FB53F30923EA51830041C49D /* NotificationManager */ = {
			isa = PBXGroup;
			children = (
				FB53F30A23EA51A70041C49D /* NotificationManager.swift */,
				FB53F30C23EA7D630041C49D /* PushNotificationSender.swift */,
			);
			path = NotificationManager;
			sourceTree = "<group>";
		};
		FB53F31223EAAE8D0041C49D /* Requester */ = {
			isa = PBXGroup;
			children = (
				FB53F31323EAAEA40041C49D /* RequesterViewController.swift */,
				FB53F30E23EA9A430041C49D /* CheckRequesterViewController.swift */,
			);
			path = Requester;
			sourceTree = "<group>";
		};
		FB53F31923EB20610041C49D /* personInfo */ = {
			isa = PBXGroup;
			children = (
				FB53F31A23EB21890041C49D /* PhotoTableViewCell.swift */,
				FB53F31B23EB21890041C49D /* PhotoTableViewCell.xib */,
				FB53F32023EBB42A0041C49D /* PersonDetailTableViewCell.swift */,
				FB53F32123EBB42A0041C49D /* PersonDetailTableViewCell.xib */,
				FB53F32A23EBCE220041C49D /* PersonAboutTableViewCell.swift */,
				FB53F32B23EBCE220041C49D /* PersonAboutTableViewCell.xib */,
				FB53F32E23EBD5230041C49D /* PersonRateTableViewCell.swift */,
			);
			path = personInfo;
			sourceTree = "<group>";
		};
		FB6365FF23E2CF45008555BC /* MissionDetail */ = {
			isa = PBXGroup;
			children = (
				FB63660023E2CF6E008555BC /* MissionDetailCollectionViewCell.swift */,
				FB63664E23E3FC1B008555BC /* MissionDetailTableViewCell.swift */,
				FB638D7823E53FE900030CB2 /* MissionContentTableViewCell.swift */,
				FB638D7A23E5557B00030CB2 /* MissionPersonTableViewCell.swift */,
				FB69553623F1461D0049DB14 /* StartMissionTableViewCell.swift */,
				FB69553723F1461D0049DB14 /* StartMissionTableViewCell.xib */,
			);
			path = MissionDetail;
			sourceTree = "<group>";
		};
		FB638D7C23E56F6900030CB2 /* Map */ = {
			isa = PBXGroup;
			children = (
				FB638D7D23E56FC000030CB2 /* CategoryCollectionViewCell.swift */,
				FB638D7E23E56FC000030CB2 /* CategoryCollectionViewCell.xib */,
			);
			path = Map;
			sourceTree = "<group>";
		};
		FB638DC623E71AC300030CB2 /* Extension */ = {
			isa = PBXGroup;
			children = (
				FB638DC723E71AED00030CB2 /* UIStoryboard+Extension.swift */,
				FB638DCF23E7ECA400030CB2 /* DoubleExtension.swift */,
				FB69552B23F000BE0049DB14 /* UIImage+Additions.swift */,
				FB69552A23F000BD0049DB14 /* UIView+Additions.swift */,
				FB69552823F000B50049DB14 /* UICollectionView+Additions.swift */,
				FB53F33223EBFE290041C49D /* WhiteSpace.swift */,
				FBA557F823ED580100521B89 /* UIcolorExtension.swift */,
			);
			path = Extension;
			sourceTree = "<group>";
		};
		FB65027A23F3D3BC00896D34 /* FireBase */ = {
			isa = PBXGroup;
			children = (
				FB65027B23F3D3F000896D34 /* DataBaseManagerManager.swift */,
			);
			path = FireBase;
			sourceTree = "<group>";
		};
		FB69552523EFE5430049DB14 /* Chat */ = {
			isa = PBXGroup;
			children = (
				FB69552E23F001350049DB14 /* Channel.swift */,
				FB69552F23F001350049DB14 /* DatabaseRepresentation.swift */,
				FB69553023F001350049DB14 /* Message.swift */,
			);
			path = Chat;
			sourceTree = "<group>";
		};
		FB752ABC23D5E55600BF3852 /* Background */ = {
			isa = PBXGroup;
			children = (
				FB752ABD23D5E57900BF3852 /* Background.swift */,
			);
			path = Background;
			sourceTree = "<group>";
		};
		FB9A2BFC23D068E200553D97 /* Mission */ = {
			isa = PBXGroup;
			children = (
				FB24EC0E23D96B8500FA3F02 /* PostMissionViewController.swift */,
				FB9A2BFD23D068FF00553D97 /* MissionListViewController.swift */,
				FB6365FD23E2B975008555BC /* MissionDetailViewController.swift */,
				FBA557FA23ED6D0C00521B89 /* StartMissionViewController.swift */,
			);
			path = Mission;
			sourceTree = "<group>";
		};
		FBA557F523ED177E00521B89 /* Requester */ = {
			isa = PBXGroup;
			children = (
				FBA557F623ED17A400521B89 /* RequesterRateTableViewCell.swift */,
			);
			path = Requester;
			sourceTree = "<group>";
		};
		FBA557FF23EE553A00521B89 /* Friends+Chat */ = {
			isa = PBXGroup;
			children = (
				FBA5580023EE554F00521B89 /* ChatViewController.swift */,
				FB50C55323F82034002325BC /* FriendViewController.swift */,
				FBEC726323FA664800A6AF86 /* FriendChatViewController.swift */,
			);
			path = "Friends+Chat";
			sourceTree = "<group>";
		};
		FBEC725E23FA374300A6AF86 /* Friend */ = {
			isa = PBXGroup;
			children = (
				FBEC725F23FA376400A6AF86 /* FriendsTableViewCell.swift */,
				FBEC726023FA376400A6AF86 /* FriendsTableViewCell.xib */,
			);
			path = Friend;
			sourceTree = "<group>";
		};
		FBF7AB5923D58AB4004B521A /* Map */ = {
			isa = PBXGroup;
			children = (
				FBF7AB5A23D58AE2004B521A /* MapDataItem.swift */,
				FBF7AB5C23D590E7004B521A /* MapManager.swift */,
			);
			path = Map;
			sourceTree = "<group>";
		};
/* End PBXGroup section */

/* Begin PBXNativeTarget section */
		FB387C0B23CEEF0E00B6D8C4 /* Errand */ = {
			isa = PBXNativeTarget;
			buildConfigurationList = FB387C3923CEEF1000B6D8C4 /* Build configuration list for PBXNativeTarget "Errand" */;
			buildPhases = (
				B4181F1C13D4544FA0C37958 /* [CP] Check Pods Manifest.lock */,
				FB387C0823CEEF0E00B6D8C4 /* Sources */,
				FB387C0923CEEF0E00B6D8C4 /* Frameworks */,
				FB387C0A23CEEF0E00B6D8C4 /* Resources */,
				74C14ED52E29D0F622B01A39 /* [CP] Embed Pods Frameworks */,
				FB387C5123CF1BCA00B6D8C4 /* ShellScript */,
				E2E510830B748E5A2386962E /* [CP] Copy Pods Resources */,
			);
			buildRules = (
			);
			dependencies = (
			);
			name = Errand;
			productName = Errand;
			productReference = FB387C0C23CEEF0E00B6D8C4 /* Errand.app */;
			productType = "com.apple.product-type.application";
		};
		FB387C2423CEEF1000B6D8C4 /* ErrandTests */ = {
			isa = PBXNativeTarget;
			buildConfigurationList = FB387C3C23CEEF1000B6D8C4 /* Build configuration list for PBXNativeTarget "ErrandTests" */;
			buildPhases = (
				9FF3D19317DE8E9FA4835BC3 /* [CP] Check Pods Manifest.lock */,
				FB387C2123CEEF1000B6D8C4 /* Sources */,
				FB387C2223CEEF1000B6D8C4 /* Frameworks */,
				FB387C2323CEEF1000B6D8C4 /* Resources */,
			);
			buildRules = (
			);
			dependencies = (
				FB387C2723CEEF1000B6D8C4 /* PBXTargetDependency */,
			);
			name = ErrandTests;
			productName = ErrandTests;
			productReference = FB387C2523CEEF1000B6D8C4 /* ErrandTests.xctest */;
			productType = "com.apple.product-type.bundle.unit-test";
		};
		FB387C2F23CEEF1000B6D8C4 /* ErrandUITests */ = {
			isa = PBXNativeTarget;
			buildConfigurationList = FB387C3F23CEEF1000B6D8C4 /* Build configuration list for PBXNativeTarget "ErrandUITests" */;
			buildPhases = (
				1F1DF44F3A9387390F63D02D /* [CP] Check Pods Manifest.lock */,
				FB387C2C23CEEF1000B6D8C4 /* Sources */,
				FB387C2D23CEEF1000B6D8C4 /* Frameworks */,
				FB387C2E23CEEF1000B6D8C4 /* Resources */,
				277223EA286F432F9B8A9000 /* [CP] Embed Pods Frameworks */,
				90880273EFC2B1E28AF7B7CF /* [CP] Copy Pods Resources */,
			);
			buildRules = (
			);
			dependencies = (
				FB387C3223CEEF1000B6D8C4 /* PBXTargetDependency */,
			);
			name = ErrandUITests;
			productName = ErrandUITests;
			productReference = FB387C3023CEEF1000B6D8C4 /* ErrandUITests.xctest */;
			productType = "com.apple.product-type.bundle.ui-testing";
		};
/* End PBXNativeTarget section */

/* Begin PBXProject section */
		FB387C0423CEEF0E00B6D8C4 /* Project object */ = {
			isa = PBXProject;
			attributes = {
				LastSwiftUpdateCheck = 1130;
				LastUpgradeCheck = 1130;
				ORGANIZATIONNAME = Jim;
				TargetAttributes = {
					FB387C0B23CEEF0E00B6D8C4 = {
						CreatedOnToolsVersion = 11.3;
					};
					FB387C2423CEEF1000B6D8C4 = {
						CreatedOnToolsVersion = 11.3;
						TestTargetID = FB387C0B23CEEF0E00B6D8C4;
					};
					FB387C2F23CEEF1000B6D8C4 = {
						CreatedOnToolsVersion = 11.3;
						TestTargetID = FB387C0B23CEEF0E00B6D8C4;
					};
				};
			};
			buildConfigurationList = FB387C0723CEEF0E00B6D8C4 /* Build configuration list for PBXProject "Errand" */;
			compatibilityVersion = "Xcode 9.3";
			developmentRegion = en;
			hasScannedForEncodings = 0;
			knownRegions = (
				en,
				Base,
			);
			mainGroup = FB387C0323CEEF0E00B6D8C4;
			productRefGroup = FB387C0D23CEEF0E00B6D8C4 /* Products */;
			projectDirPath = "";
			projectRoot = "";
			targets = (
				FB387C0B23CEEF0E00B6D8C4 /* Errand */,
				FB387C2423CEEF1000B6D8C4 /* ErrandTests */,
				FB387C2F23CEEF1000B6D8C4 /* ErrandUITests */,
			);
		};
/* End PBXProject section */

/* Begin PBXResourcesBuildPhase section */
		FB387C0A23CEEF0E00B6D8C4 /* Resources */ = {
			isa = PBXResourcesBuildPhase;
			buildActionMask = 2147483647;
			files = (
				FB387C1F23CEEF0F00B6D8C4 /* LaunchScreen.storyboard in Resources */,
				FB638DCE23E71D3500030CB2 /* Profile.storyboard in Resources */,
				FB53F32323EBB42A0041C49D /* PersonDetailTableViewCell.xib in Resources */,
				FB752ABB23D5DFB200BF3852 /* PermanentMarker.ttf in Resources */,
				FB638DCA23E71D0C00030CB2 /* Map.storyboard in Resources */,
				FB69553923F1461D0049DB14 /* StartMissionTableViewCell.xib in Resources */,
				FB387C1C23CEEF0F00B6D8C4 /* Assets.xcassets in Resources */,
				FB5F5BD023DB2847003B9ABC /* setofont.ttf in Resources */,
				FB53F31D23EB21890041C49D /* PhotoTableViewCell.xib in Resources */,
				FB53F31823EAAFC20041C49D /* RequesterTableViewCell.xib in Resources */,
				FB50C55223F81FF5002325BC /* Friend.storyboard in Resources */,
				FBEC726223FA376400A6AF86 /* FriendsTableViewCell.xib in Resources */,
				FB638D8023E56FC000030CB2 /* CategoryCollectionViewCell.xib in Resources */,
				FB387C1723CEEF0E00B6D8C4 /* Main.storyboard in Resources */,
				FB53F32D23EBCE220041C49D /* PersonAboutTableViewCell.xib in Resources */,
				FB69552423EFA1AB0049DB14 /* GoogleService-Info.plist in Resources */,
				FB387C5823CF551A00B6D8C4 /* Content.storyboard in Resources */,
				FB638DCC23E71D2800030CB2 /* Mission.storyboard in Resources */,
				FB53F31123EAAE3C0041C49D /* Requester.storyboard in Resources */,
				FBA557FE23EE54B500521B89 /* Chat.storyboard in Resources */,
			);
			runOnlyForDeploymentPostprocessing = 0;
		};
		FB387C2323CEEF1000B6D8C4 /* Resources */ = {
			isa = PBXResourcesBuildPhase;
			buildActionMask = 2147483647;
			files = (
			);
			runOnlyForDeploymentPostprocessing = 0;
		};
		FB387C2E23CEEF1000B6D8C4 /* Resources */ = {
			isa = PBXResourcesBuildPhase;
			buildActionMask = 2147483647;
			files = (
			);
			runOnlyForDeploymentPostprocessing = 0;
		};
/* End PBXResourcesBuildPhase section */

/* Begin PBXShellScriptBuildPhase section */
		1F1DF44F3A9387390F63D02D /* [CP] Check Pods Manifest.lock */ = {
			isa = PBXShellScriptBuildPhase;
			buildActionMask = 2147483647;
			files = (
			);
			inputFileListPaths = (
			);
			inputPaths = (
				"${PODS_PODFILE_DIR_PATH}/Podfile.lock",
				"${PODS_ROOT}/Manifest.lock",
			);
			name = "[CP] Check Pods Manifest.lock";
			outputFileListPaths = (
			);
			outputPaths = (
				"$(DERIVED_FILE_DIR)/Pods-Errand-ErrandUITests-checkManifestLockResult.txt",
			);
			runOnlyForDeploymentPostprocessing = 0;
			shellPath = /bin/sh;
			shellScript = "diff \"${PODS_PODFILE_DIR_PATH}/Podfile.lock\" \"${PODS_ROOT}/Manifest.lock\" > /dev/null\nif [ $? != 0 ] ; then\n    # print error to STDERR\n    echo \"error: The sandbox is not in sync with the Podfile.lock. Run 'pod install' or update your CocoaPods installation.\" >&2\n    exit 1\nfi\n# This output is used by Xcode 'outputs' to avoid re-running this script phase.\necho \"SUCCESS\" > \"${SCRIPT_OUTPUT_FILE_0}\"\n";
			showEnvVarsInLog = 0;
		};
		277223EA286F432F9B8A9000 /* [CP] Embed Pods Frameworks */ = {
			isa = PBXShellScriptBuildPhase;
			buildActionMask = 2147483647;
			files = (
			);
			inputFileListPaths = (
				"${PODS_ROOT}/Target Support Files/Pods-Errand-ErrandUITests/Pods-Errand-ErrandUITests-frameworks-${CONFIGURATION}-input-files.xcfilelist",
			);
			name = "[CP] Embed Pods Frameworks";
			outputFileListPaths = (
				"${PODS_ROOT}/Target Support Files/Pods-Errand-ErrandUITests/Pods-Errand-ErrandUITests-frameworks-${CONFIGURATION}-output-files.xcfilelist",
			);
			runOnlyForDeploymentPostprocessing = 0;
			shellPath = /bin/sh;
			shellScript = "\"${PODS_ROOT}/Target Support Files/Pods-Errand-ErrandUITests/Pods-Errand-ErrandUITests-frameworks.sh\"\n";
			showEnvVarsInLog = 0;
		};
		74C14ED52E29D0F622B01A39 /* [CP] Embed Pods Frameworks */ = {
			isa = PBXShellScriptBuildPhase;
			buildActionMask = 2147483647;
			files = (
			);
			inputFileListPaths = (
				"${PODS_ROOT}/Target Support Files/Pods-Errand/Pods-Errand-frameworks-${CONFIGURATION}-input-files.xcfilelist",
			);
			name = "[CP] Embed Pods Frameworks";
			outputFileListPaths = (
				"${PODS_ROOT}/Target Support Files/Pods-Errand/Pods-Errand-frameworks-${CONFIGURATION}-output-files.xcfilelist",
			);
			runOnlyForDeploymentPostprocessing = 0;
			shellPath = /bin/sh;
			shellScript = "\"${PODS_ROOT}/Target Support Files/Pods-Errand/Pods-Errand-frameworks.sh\"\n";
			showEnvVarsInLog = 0;
		};
		90880273EFC2B1E28AF7B7CF /* [CP] Copy Pods Resources */ = {
			isa = PBXShellScriptBuildPhase;
			buildActionMask = 2147483647;
			files = (
			);
			inputFileListPaths = (
				"${PODS_ROOT}/Target Support Files/Pods-Errand-ErrandUITests/Pods-Errand-ErrandUITests-resources-${CONFIGURATION}-input-files.xcfilelist",
			);
			name = "[CP] Copy Pods Resources";
			outputFileListPaths = (
				"${PODS_ROOT}/Target Support Files/Pods-Errand-ErrandUITests/Pods-Errand-ErrandUITests-resources-${CONFIGURATION}-output-files.xcfilelist",
			);
			runOnlyForDeploymentPostprocessing = 0;
			shellPath = /bin/sh;
			shellScript = "\"${PODS_ROOT}/Target Support Files/Pods-Errand-ErrandUITests/Pods-Errand-ErrandUITests-resources.sh\"\n";
			showEnvVarsInLog = 0;
		};
		9FF3D19317DE8E9FA4835BC3 /* [CP] Check Pods Manifest.lock */ = {
			isa = PBXShellScriptBuildPhase;
			buildActionMask = 2147483647;
			files = (
			);
			inputFileListPaths = (
			);
			inputPaths = (
				"${PODS_PODFILE_DIR_PATH}/Podfile.lock",
				"${PODS_ROOT}/Manifest.lock",
			);
			name = "[CP] Check Pods Manifest.lock";
			outputFileListPaths = (
			);
			outputPaths = (
				"$(DERIVED_FILE_DIR)/Pods-ErrandTests-checkManifestLockResult.txt",
			);
			runOnlyForDeploymentPostprocessing = 0;
			shellPath = /bin/sh;
			shellScript = "diff \"${PODS_PODFILE_DIR_PATH}/Podfile.lock\" \"${PODS_ROOT}/Manifest.lock\" > /dev/null\nif [ $? != 0 ] ; then\n    # print error to STDERR\n    echo \"error: The sandbox is not in sync with the Podfile.lock. Run 'pod install' or update your CocoaPods installation.\" >&2\n    exit 1\nfi\n# This output is used by Xcode 'outputs' to avoid re-running this script phase.\necho \"SUCCESS\" > \"${SCRIPT_OUTPUT_FILE_0}\"\n";
			showEnvVarsInLog = 0;
		};
		B4181F1C13D4544FA0C37958 /* [CP] Check Pods Manifest.lock */ = {
			isa = PBXShellScriptBuildPhase;
			buildActionMask = 2147483647;
			files = (
			);
			inputFileListPaths = (
			);
			inputPaths = (
				"${PODS_PODFILE_DIR_PATH}/Podfile.lock",
				"${PODS_ROOT}/Manifest.lock",
			);
			name = "[CP] Check Pods Manifest.lock";
			outputFileListPaths = (
			);
			outputPaths = (
				"$(DERIVED_FILE_DIR)/Pods-Errand-checkManifestLockResult.txt",
			);
			runOnlyForDeploymentPostprocessing = 0;
			shellPath = /bin/sh;
			shellScript = "diff \"${PODS_PODFILE_DIR_PATH}/Podfile.lock\" \"${PODS_ROOT}/Manifest.lock\" > /dev/null\nif [ $? != 0 ] ; then\n    # print error to STDERR\n    echo \"error: The sandbox is not in sync with the Podfile.lock. Run 'pod install' or update your CocoaPods installation.\" >&2\n    exit 1\nfi\n# This output is used by Xcode 'outputs' to avoid re-running this script phase.\necho \"SUCCESS\" > \"${SCRIPT_OUTPUT_FILE_0}\"\n";
			showEnvVarsInLog = 0;
		};
		E2E510830B748E5A2386962E /* [CP] Copy Pods Resources */ = {
			isa = PBXShellScriptBuildPhase;
			buildActionMask = 2147483647;
			files = (
			);
			inputFileListPaths = (
				"${PODS_ROOT}/Target Support Files/Pods-Errand/Pods-Errand-resources-${CONFIGURATION}-input-files.xcfilelist",
			);
			name = "[CP] Copy Pods Resources";
			outputFileListPaths = (
				"${PODS_ROOT}/Target Support Files/Pods-Errand/Pods-Errand-resources-${CONFIGURATION}-output-files.xcfilelist",
			);
			runOnlyForDeploymentPostprocessing = 0;
			shellPath = /bin/sh;
			shellScript = "\"${PODS_ROOT}/Target Support Files/Pods-Errand/Pods-Errand-resources.sh\"\n";
			showEnvVarsInLog = 0;
		};
		FB387C5123CF1BCA00B6D8C4 /* ShellScript */ = {
			isa = PBXShellScriptBuildPhase;
			buildActionMask = 2147483647;
			files = (
			);
			inputFileListPaths = (
			);
			inputPaths = (
			);
			outputFileListPaths = (
			);
			outputPaths = (
			);
			runOnlyForDeploymentPostprocessing = 0;
			shellPath = /bin/sh;
			shellScript = "# Type a script or drag a script file from your workspace to insert its path.\n\"${PODS_ROOT}/SwiftLint/swiftlint\"\n";
		};
/* End PBXShellScriptBuildPhase section */

/* Begin PBXSourcesBuildPhase section */
		FB387C0823CEEF0E00B6D8C4 /* Sources */ = {
			isa = PBXSourcesBuildPhase;
			buildActionMask = 2147483647;
			files = (
				FB24EC1223D96E6300FA3F02 /* MissionGroupCollectionViewCell.swift in Sources */,
				FB53F30D23EA7D630041C49D /* PushNotificationSender.swift in Sources */,
				FB53F33023EBD5230041C49D /* PersonRateTableViewCell.swift in Sources */,
				FB50C55423F82034002325BC /* FriendViewController.swift in Sources */,
				FB387C5623CF521D00B6D8C4 /* UserManager.swift in Sources */,
				FB24EC1923DAB72500FA3F02 /* TaskManager.swift in Sources */,
				FB24EC0F23D96B8500FA3F02 /* PostMissionViewController.swift in Sources */,
				FB53F30F23EA9A430041C49D /* CheckRequesterViewController.swift in Sources */,
				FB752ABE23D5E57A00BF3852 /* Background.swift in Sources */,
				FB638D7F23E56FC000030CB2 /* CategoryCollectionViewCell.swift in Sources */,
				FB69553323F001350049DB14 /* Message.swift in Sources */,
				FB69553223F001350049DB14 /* DatabaseRepresentation.swift in Sources */,
				FB53F31723EAAFC20041C49D /* RequesterTableViewCell.swift in Sources */,
				FB387C5323CF323600B6D8C4 /* UserInfoViewController.swift in Sources */,
				FB387C1423CEEF0E00B6D8C4 /* HomePageViewController.swift in Sources */,
				FB63660123E2CF6E008555BC /* MissionDetailCollectionViewCell.swift in Sources */,
				FB638DD223E8913800030CB2 /* PhotoCollectionViewCell.swift in Sources */,
				FB53F33323EBFE290041C49D /* WhiteSpace.swift in Sources */,
				FB5F5BCE23DB2639003B9ABC /* AddLocationViewController.swift in Sources */,
				FBA5580123EE554F00521B89 /* ChatViewController.swift in Sources */,
				FB24EC1723DAB00F00FA3F02 /* TaskDataItem.swift in Sources */,
				FB638D7B23E5557B00030CB2 /* MissionPersonTableViewCell.swift in Sources */,
				FB69553823F1461D0049DB14 /* StartMissionTableViewCell.swift in Sources */,
				FB387C1023CEEF0E00B6D8C4 /* AppDelegate.swift in Sources */,
				FB69552923F000B50049DB14 /* UICollectionView+Additions.swift in Sources */,
				FB24EC1423D9B19300FA3F02 /* CustomeColor.swift in Sources */,
				FB53F30B23EA51A70041C49D /* NotificationManager.swift in Sources */,
				FBEC726123FA376400A6AF86 /* FriendsTableViewCell.swift in Sources */,
				FB638DC823E71AED00030CB2 /* UIStoryboard+Extension.swift in Sources */,
				FB4A50E123D6A8E60028BC82 /* PersonalViewController.swift in Sources */,
				FB65027C23F3D3F000896D34 /* DataBaseManagerManager.swift in Sources */,
				FB63664823E3CF15008555BC /* TabBarViewController.swift in Sources */,
				FB387C5023CF0E8E00B6D8C4 /* RegisterItem.swift in Sources */,
				FB53F32223EBB42A0041C49D /* PersonDetailTableViewCell.swift in Sources */,
				FB638D7923E53FE900030CB2 /* MissionContentTableViewCell.swift in Sources */,
				FB53F31423EAAEA40041C49D /* RequesterViewController.swift in Sources */,
				FB9A2BFE23D068FF00553D97 /* MissionListViewController.swift in Sources */,
				FB53F31C23EB21890041C49D /* PhotoTableViewCell.swift in Sources */,
				FB6365FE23E2B975008555BC /* MissionDetailViewController.swift in Sources */,
				FB69552C23F000BE0049DB14 /* UIView+Additions.swift in Sources */,
				FB638DD023E7ECA400030CB2 /* DoubleExtension.swift in Sources */,
				FB4BF7B423E288D600C4C05A /* ListTableViewCell.swift in Sources */,
				FB63664F23E3FC1B008555BC /* MissionDetailTableViewCell.swift in Sources */,
				FB53F32C23EBCE220041C49D /* PersonAboutTableViewCell.swift in Sources */,
				FBA557F723ED17A400521B89 /* RequesterRateTableViewCell.swift in Sources */,
				FB69552D23F000BE0049DB14 /* UIImage+Additions.swift in Sources */,
				FB387C1A23CEEF0E00B6D8C4 /* Errand.xcdatamodeld in Sources */,
				FB69553123F001350049DB14 /* Channel.swift in Sources */,
				FB4A50E323D6D19A0028BC82 /* UserDataItem.swift in Sources */,
				FBF7AB5823D56F5D004B521A /* GoogleMapViewController.swift in Sources */,
				FBEC726423FA664800A6AF86 /* FriendChatViewController.swift in Sources */,
				FBF7AB5D23D590E7004B521A /* MapManager.swift in Sources */,
				FB63660323E31E67008555BC /* KingFisherWrapper.swift in Sources */,
				FBA557FB23ED6D0C00521B89 /* StartMissionViewController.swift in Sources */,
				FB387C4D23CF098F00B6D8C4 /* JGProgressHUDWrapper.swift in Sources */,
				FBF7AB5B23D58AE2004B521A /* MapDataItem.swift in Sources */,
				FB69553523F0055B0049DB14 /* AppSettings.swift in Sources */,
				FBA557F923ED580100521B89 /* UIcolorExtension.swift in Sources */,
			);
			runOnlyForDeploymentPostprocessing = 0;
		};
		FB387C2123CEEF1000B6D8C4 /* Sources */ = {
			isa = PBXSourcesBuildPhase;
			buildActionMask = 2147483647;
			files = (
				FB387C2A23CEEF1000B6D8C4 /* ErrandTests.swift in Sources */,
			);
			runOnlyForDeploymentPostprocessing = 0;
		};
		FB387C2C23CEEF1000B6D8C4 /* Sources */ = {
			isa = PBXSourcesBuildPhase;
			buildActionMask = 2147483647;
			files = (
				FB387C3523CEEF1000B6D8C4 /* ErrandUITests.swift in Sources */,
			);
			runOnlyForDeploymentPostprocessing = 0;
		};
/* End PBXSourcesBuildPhase section */

/* Begin PBXTargetDependency section */
		FB387C2723CEEF1000B6D8C4 /* PBXTargetDependency */ = {
			isa = PBXTargetDependency;
			target = FB387C0B23CEEF0E00B6D8C4 /* Errand */;
			targetProxy = FB387C2623CEEF1000B6D8C4 /* PBXContainerItemProxy */;
		};
		FB387C3223CEEF1000B6D8C4 /* PBXTargetDependency */ = {
			isa = PBXTargetDependency;
			target = FB387C0B23CEEF0E00B6D8C4 /* Errand */;
			targetProxy = FB387C3123CEEF1000B6D8C4 /* PBXContainerItemProxy */;
		};
/* End PBXTargetDependency section */

/* Begin PBXVariantGroup section */
		FB387C1523CEEF0E00B6D8C4 /* Main.storyboard */ = {
			isa = PBXVariantGroup;
			children = (
				FB387C1623CEEF0E00B6D8C4 /* Base */,
			);
			name = Main.storyboard;
			sourceTree = "<group>";
		};
		FB387C1D23CEEF0F00B6D8C4 /* LaunchScreen.storyboard */ = {
			isa = PBXVariantGroup;
			children = (
				FB387C1E23CEEF0F00B6D8C4 /* Base */,
			);
			name = LaunchScreen.storyboard;
			sourceTree = "<group>";
		};
/* End PBXVariantGroup section */

/* Begin XCBuildConfiguration section */
		FB387C3723CEEF1000B6D8C4 /* Debug */ = {
			isa = XCBuildConfiguration;
			buildSettings = {
				ALWAYS_SEARCH_USER_PATHS = NO;
				CLANG_ANALYZER_NONNULL = YES;
				CLANG_ANALYZER_NUMBER_OBJECT_CONVERSION = YES_AGGRESSIVE;
				CLANG_CXX_LANGUAGE_STANDARD = "gnu++14";
				CLANG_CXX_LIBRARY = "libc++";
				CLANG_ENABLE_MODULES = YES;
				CLANG_ENABLE_OBJC_ARC = YES;
				CLANG_ENABLE_OBJC_WEAK = YES;
				CLANG_WARN_BLOCK_CAPTURE_AUTORELEASING = YES;
				CLANG_WARN_BOOL_CONVERSION = YES;
				CLANG_WARN_COMMA = YES;
				CLANG_WARN_CONSTANT_CONVERSION = YES;
				CLANG_WARN_DEPRECATED_OBJC_IMPLEMENTATIONS = YES;
				CLANG_WARN_DIRECT_OBJC_ISA_USAGE = YES_ERROR;
				CLANG_WARN_DOCUMENTATION_COMMENTS = YES;
				CLANG_WARN_EMPTY_BODY = YES;
				CLANG_WARN_ENUM_CONVERSION = YES;
				CLANG_WARN_INFINITE_RECURSION = YES;
				CLANG_WARN_INT_CONVERSION = YES;
				CLANG_WARN_NON_LITERAL_NULL_CONVERSION = YES;
				CLANG_WARN_OBJC_IMPLICIT_RETAIN_SELF = YES;
				CLANG_WARN_OBJC_LITERAL_CONVERSION = YES;
				CLANG_WARN_OBJC_ROOT_CLASS = YES_ERROR;
				CLANG_WARN_RANGE_LOOP_ANALYSIS = YES;
				CLANG_WARN_STRICT_PROTOTYPES = YES;
				CLANG_WARN_SUSPICIOUS_MOVE = YES;
				CLANG_WARN_UNGUARDED_AVAILABILITY = YES_AGGRESSIVE;
				CLANG_WARN_UNREACHABLE_CODE = YES;
				CLANG_WARN__DUPLICATE_METHOD_MATCH = YES;
				COPY_PHASE_STRIP = NO;
				DEBUG_INFORMATION_FORMAT = dwarf;
				ENABLE_STRICT_OBJC_MSGSEND = YES;
				ENABLE_TESTABILITY = YES;
				GCC_C_LANGUAGE_STANDARD = gnu11;
				GCC_DYNAMIC_NO_PIC = NO;
				GCC_NO_COMMON_BLOCKS = YES;
				GCC_OPTIMIZATION_LEVEL = 0;
				GCC_PREPROCESSOR_DEFINITIONS = (
					"DEBUG=1",
					"$(inherited)",
				);
				GCC_WARN_64_TO_32_BIT_CONVERSION = YES;
				GCC_WARN_ABOUT_RETURN_TYPE = YES_ERROR;
				GCC_WARN_UNDECLARED_SELECTOR = YES;
				GCC_WARN_UNINITIALIZED_AUTOS = YES_AGGRESSIVE;
				GCC_WARN_UNUSED_FUNCTION = YES;
				GCC_WARN_UNUSED_VARIABLE = YES;
				IPHONEOS_DEPLOYMENT_TARGET = 13.2;
				MTL_ENABLE_DEBUG_INFO = INCLUDE_SOURCE;
				MTL_FAST_MATH = YES;
				ONLY_ACTIVE_ARCH = YES;
				SDKROOT = iphoneos;
				SWIFT_ACTIVE_COMPILATION_CONDITIONS = DEBUG;
				SWIFT_OPTIMIZATION_LEVEL = "-Onone";
			};
			name = Debug;
		};
		FB387C3823CEEF1000B6D8C4 /* Release */ = {
			isa = XCBuildConfiguration;
			buildSettings = {
				ALWAYS_SEARCH_USER_PATHS = NO;
				CLANG_ANALYZER_NONNULL = YES;
				CLANG_ANALYZER_NUMBER_OBJECT_CONVERSION = YES_AGGRESSIVE;
				CLANG_CXX_LANGUAGE_STANDARD = "gnu++14";
				CLANG_CXX_LIBRARY = "libc++";
				CLANG_ENABLE_MODULES = YES;
				CLANG_ENABLE_OBJC_ARC = YES;
				CLANG_ENABLE_OBJC_WEAK = YES;
				CLANG_WARN_BLOCK_CAPTURE_AUTORELEASING = YES;
				CLANG_WARN_BOOL_CONVERSION = YES;
				CLANG_WARN_COMMA = YES;
				CLANG_WARN_CONSTANT_CONVERSION = YES;
				CLANG_WARN_DEPRECATED_OBJC_IMPLEMENTATIONS = YES;
				CLANG_WARN_DIRECT_OBJC_ISA_USAGE = YES_ERROR;
				CLANG_WARN_DOCUMENTATION_COMMENTS = YES;
				CLANG_WARN_EMPTY_BODY = YES;
				CLANG_WARN_ENUM_CONVERSION = YES;
				CLANG_WARN_INFINITE_RECURSION = YES;
				CLANG_WARN_INT_CONVERSION = YES;
				CLANG_WARN_NON_LITERAL_NULL_CONVERSION = YES;
				CLANG_WARN_OBJC_IMPLICIT_RETAIN_SELF = YES;
				CLANG_WARN_OBJC_LITERAL_CONVERSION = YES;
				CLANG_WARN_OBJC_ROOT_CLASS = YES_ERROR;
				CLANG_WARN_RANGE_LOOP_ANALYSIS = YES;
				CLANG_WARN_STRICT_PROTOTYPES = YES;
				CLANG_WARN_SUSPICIOUS_MOVE = YES;
				CLANG_WARN_UNGUARDED_AVAILABILITY = YES_AGGRESSIVE;
				CLANG_WARN_UNREACHABLE_CODE = YES;
				CLANG_WARN__DUPLICATE_METHOD_MATCH = YES;
				COPY_PHASE_STRIP = NO;
				DEBUG_INFORMATION_FORMAT = "dwarf-with-dsym";
				ENABLE_NS_ASSERTIONS = NO;
				ENABLE_STRICT_OBJC_MSGSEND = YES;
				GCC_C_LANGUAGE_STANDARD = gnu11;
				GCC_NO_COMMON_BLOCKS = YES;
				GCC_WARN_64_TO_32_BIT_CONVERSION = YES;
				GCC_WARN_ABOUT_RETURN_TYPE = YES_ERROR;
				GCC_WARN_UNDECLARED_SELECTOR = YES;
				GCC_WARN_UNINITIALIZED_AUTOS = YES_AGGRESSIVE;
				GCC_WARN_UNUSED_FUNCTION = YES;
				GCC_WARN_UNUSED_VARIABLE = YES;
				IPHONEOS_DEPLOYMENT_TARGET = 13.2;
				MTL_ENABLE_DEBUG_INFO = NO;
				MTL_FAST_MATH = YES;
				SDKROOT = iphoneos;
				SWIFT_COMPILATION_MODE = wholemodule;
				SWIFT_OPTIMIZATION_LEVEL = "-O";
				VALIDATE_PRODUCT = YES;
			};
			name = Release;
		};
		FB387C3A23CEEF1000B6D8C4 /* Debug */ = {
			isa = XCBuildConfiguration;
			baseConfigurationReference = F10FE434B9C4A84CFF81C162 /* Pods-Errand.debug.xcconfig */;
			buildSettings = {
				ASSETCATALOG_COMPILER_APPICON_NAME = AppIcon;
				CODE_SIGN_ENTITLEMENTS = Errand/Errand.entitlements;
				CODE_SIGN_STYLE = Automatic;
				DEVELOPMENT_TEAM = 6V9XMJR84F;
				INFOPLIST_FILE = Errand/Info.plist;
				LD_RUNPATH_SEARCH_PATHS = (
					"$(inherited)",
					"@executable_path/Frameworks",
				);
				PRODUCT_BUNDLE_IDENTIFIER = com.JimFu.Errand;
				PRODUCT_NAME = "$(TARGET_NAME)";
				SWIFT_VERSION = 5.0;
				TARGETED_DEVICE_FAMILY = "1,2";
			};
			name = Debug;
		};
		FB387C3B23CEEF1000B6D8C4 /* Release */ = {
			isa = XCBuildConfiguration;
			baseConfigurationReference = 9EBB17268953F51CE7F8DE54 /* Pods-Errand.release.xcconfig */;
			buildSettings = {
				ASSETCATALOG_COMPILER_APPICON_NAME = AppIcon;
				CODE_SIGN_ENTITLEMENTS = Errand/Errand.entitlements;
				CODE_SIGN_STYLE = Automatic;
				DEVELOPMENT_TEAM = 6V9XMJR84F;
				INFOPLIST_FILE = Errand/Info.plist;
				LD_RUNPATH_SEARCH_PATHS = (
					"$(inherited)",
					"@executable_path/Frameworks",
				);
				PRODUCT_BUNDLE_IDENTIFIER = com.JimFu.Errand;
				PRODUCT_NAME = "$(TARGET_NAME)";
				SWIFT_VERSION = 5.0;
				TARGETED_DEVICE_FAMILY = "1,2";
			};
			name = Release;
		};
		FB387C3D23CEEF1000B6D8C4 /* Debug */ = {
			isa = XCBuildConfiguration;
			baseConfigurationReference = 7EB46717043DD3A5C631E2AA /* Pods-ErrandTests.debug.xcconfig */;
			buildSettings = {
				ALWAYS_EMBED_SWIFT_STANDARD_LIBRARIES = YES;
				BUNDLE_LOADER = "$(TEST_HOST)";
				CODE_SIGN_STYLE = Automatic;
				DEVELOPMENT_TEAM = 6V9XMJR84F;
				INFOPLIST_FILE = ErrandTests/Info.plist;
				IPHONEOS_DEPLOYMENT_TARGET = 13.2;
				LD_RUNPATH_SEARCH_PATHS = (
					"$(inherited)",
					"@executable_path/Frameworks",
					"@loader_path/Frameworks",
				);
				PRODUCT_BUNDLE_IDENTIFIER = com.JimFu.ErrandTests;
				PRODUCT_NAME = "$(TARGET_NAME)";
				SWIFT_VERSION = 5.0;
				TARGETED_DEVICE_FAMILY = "1,2";
				TEST_HOST = "$(BUILT_PRODUCTS_DIR)/Errand.app/Errand";
			};
			name = Debug;
		};
		FB387C3E23CEEF1000B6D8C4 /* Release */ = {
			isa = XCBuildConfiguration;
			baseConfigurationReference = 30BE8232E4BC5C97D85B3CD8 /* Pods-ErrandTests.release.xcconfig */;
			buildSettings = {
				ALWAYS_EMBED_SWIFT_STANDARD_LIBRARIES = YES;
				BUNDLE_LOADER = "$(TEST_HOST)";
				CODE_SIGN_STYLE = Automatic;
				DEVELOPMENT_TEAM = 6V9XMJR84F;
				INFOPLIST_FILE = ErrandTests/Info.plist;
				IPHONEOS_DEPLOYMENT_TARGET = 13.2;
				LD_RUNPATH_SEARCH_PATHS = (
					"$(inherited)",
					"@executable_path/Frameworks",
					"@loader_path/Frameworks",
				);
				PRODUCT_BUNDLE_IDENTIFIER = com.JimFu.ErrandTests;
				PRODUCT_NAME = "$(TARGET_NAME)";
				SWIFT_VERSION = 5.0;
				TARGETED_DEVICE_FAMILY = "1,2";
				TEST_HOST = "$(BUILT_PRODUCTS_DIR)/Errand.app/Errand";
			};
			name = Release;
		};
		FB387C4023CEEF1000B6D8C4 /* Debug */ = {
			isa = XCBuildConfiguration;
			baseConfigurationReference = F997A91DF0A4410BFFBEDA80 /* Pods-Errand-ErrandUITests.debug.xcconfig */;
			buildSettings = {
				ALWAYS_EMBED_SWIFT_STANDARD_LIBRARIES = YES;
				CODE_SIGN_STYLE = Automatic;
				DEVELOPMENT_TEAM = 6V9XMJR84F;
				INFOPLIST_FILE = ErrandUITests/Info.plist;
				LD_RUNPATH_SEARCH_PATHS = (
					"$(inherited)",
					"@executable_path/Frameworks",
					"@loader_path/Frameworks",
				);
				PRODUCT_BUNDLE_IDENTIFIER = com.JimFu.ErrandUITests;
				PRODUCT_NAME = "$(TARGET_NAME)";
				SWIFT_VERSION = 5.0;
				TARGETED_DEVICE_FAMILY = "1,2";
				TEST_TARGET_NAME = Errand;
			};
			name = Debug;
		};
		FB387C4123CEEF1000B6D8C4 /* Release */ = {
			isa = XCBuildConfiguration;
			baseConfigurationReference = 3FC969191AA2FA7BAE88A3F9 /* Pods-Errand-ErrandUITests.release.xcconfig */;
			buildSettings = {
				ALWAYS_EMBED_SWIFT_STANDARD_LIBRARIES = YES;
				CODE_SIGN_STYLE = Automatic;
				DEVELOPMENT_TEAM = 6V9XMJR84F;
				INFOPLIST_FILE = ErrandUITests/Info.plist;
				LD_RUNPATH_SEARCH_PATHS = (
					"$(inherited)",
					"@executable_path/Frameworks",
					"@loader_path/Frameworks",
				);
				PRODUCT_BUNDLE_IDENTIFIER = com.JimFu.ErrandUITests;
				PRODUCT_NAME = "$(TARGET_NAME)";
				SWIFT_VERSION = 5.0;
				TARGETED_DEVICE_FAMILY = "1,2";
				TEST_TARGET_NAME = Errand;
			};
			name = Release;
		};
/* End XCBuildConfiguration section */

/* Begin XCConfigurationList section */
		FB387C0723CEEF0E00B6D8C4 /* Build configuration list for PBXProject "Errand" */ = {
			isa = XCConfigurationList;
			buildConfigurations = (
				FB387C3723CEEF1000B6D8C4 /* Debug */,
				FB387C3823CEEF1000B6D8C4 /* Release */,
			);
			defaultConfigurationIsVisible = 0;
			defaultConfigurationName = Release;
		};
		FB387C3923CEEF1000B6D8C4 /* Build configuration list for PBXNativeTarget "Errand" */ = {
			isa = XCConfigurationList;
			buildConfigurations = (
				FB387C3A23CEEF1000B6D8C4 /* Debug */,
				FB387C3B23CEEF1000B6D8C4 /* Release */,
			);
			defaultConfigurationIsVisible = 0;
			defaultConfigurationName = Release;
		};
		FB387C3C23CEEF1000B6D8C4 /* Build configuration list for PBXNativeTarget "ErrandTests" */ = {
			isa = XCConfigurationList;
			buildConfigurations = (
				FB387C3D23CEEF1000B6D8C4 /* Debug */,
				FB387C3E23CEEF1000B6D8C4 /* Release */,
			);
			defaultConfigurationIsVisible = 0;
			defaultConfigurationName = Release;
		};
		FB387C3F23CEEF1000B6D8C4 /* Build configuration list for PBXNativeTarget "ErrandUITests" */ = {
			isa = XCConfigurationList;
			buildConfigurations = (
				FB387C4023CEEF1000B6D8C4 /* Debug */,
				FB387C4123CEEF1000B6D8C4 /* Release */,
			);
			defaultConfigurationIsVisible = 0;
			defaultConfigurationName = Release;
		};
/* End XCConfigurationList section */

/* Begin XCVersionGroup section */
		FB387C1823CEEF0E00B6D8C4 /* Errand.xcdatamodeld */ = {
			isa = XCVersionGroup;
			children = (
				FB387C1923CEEF0E00B6D8C4 /* Errand.xcdatamodel */,
			);
			currentVersion = FB387C1923CEEF0E00B6D8C4 /* Errand.xcdatamodel */;
			path = Errand.xcdatamodeld;
			sourceTree = "<group>";
			versionGroupType = wrapper.xcdatamodel;
		};
/* End XCVersionGroup section */
	};
	rootObject = FB387C0423CEEF0E00B6D8C4 /* Project object */;
}
